
Microsoft Visual Studio Solution File, Format Version 12.00
# Visual Studio Version 17
VisualStudioVersion = 17.3.32825.248
MinimumVisualStudioVersion = 10.0.40219.1
Project("{FAE04EC0-301F-11D3-BF4B-00C04F79EFBC}") = "VyvojAplikaciS2", "VyvojAplikaciS2\VyvojAplikaciS2.csproj", "{7F00EEAF-69B8-4598-BA0B-A38C8966A17B}"
EndProject
Global
	GlobalSection(SolutionConfigurationPlatforms) = preSolution
		Debug|Any CPU = Debug|Any CPU
		Release|Any CPU = Release|Any CPU
	EndGlobalSection
	GlobalSection(ProjectConfigurationPlatforms) = postSolution
		{7F00EEAF-69B8-4598-BA0B-A38C8966A17B}.Debug|Any CPU.ActiveCfg = Debug|Any CPU
		{7F00EEAF-69B8-4598-BA0B-A38C8966A17B}.Debug|Any CPU.Build.0 = Debug|Any CPU
		{7F00EEAF-69B8-4598-BA0B-A38C8966A17B}.Release|Any CPU.ActiveCfg = Release|Any CPU
		{7F00EEAF-69B8-4598-BA0B-A38C8966A17B}.Release|Any CPU.Build.0 = Release|Any CPU
	EndGlobalSection
	GlobalSection(SolutionProperties) = preSolution
		HideSolutionNode = FALSE
	EndGlobalSection
	GlobalSection(ExtensibilityGlobals) = postSolution
		SolutionGuid = {8EEFED45-2976-42A7-9024-A2F355B703CD}
	EndGlobalSection
EndGlobal
